
Microsoft Visual Studio Solution File, Format Version 12.00
# Visual Studio Version 16
VisualStudioVersion = 16.0.31005.135
MinimumVisualStudioVersion = 10.0.40219.1
Project("{9A19103F-16F7-4668-BE54-9A1E7A4F7556}") = "Ski4U.Api", "Ski4U.Api\Ski4U.Api.csproj", "{C25F667D-4B56-4254-988A-56205F8D5418}"
EndProject
Project("{9A19103F-16F7-4668-BE54-9A1E7A4F7556}") = "Ski4U.Data", "Ski4U.Data\Ski4U.Data.csproj", "{95101654-A4B3-40AF-9C87-F5654DA4DB14}"
EndProject
Project("{FAE04EC0-301F-11D3-BF4B-00C04F79EFBC}") = "Ski4U.Repository", "Ski4U.Repository\Ski4U.Repository.csproj", "{4D8E771A-277A-4790-8EC6-C2E2B8AE9DE2}"
EndProject
Global
	GlobalSection(SolutionConfigurationPlatforms) = preSolution
		Debug|Any CPU = Debug|Any CPU
		Release|Any CPU = Release|Any CPU
	EndGlobalSection
	GlobalSection(ProjectConfigurationPlatforms) = postSolution
		{C25F667D-4B56-4254-988A-56205F8D5418}.Debug|Any CPU.ActiveCfg = Debug|Any CPU
		{C25F667D-4B56-4254-988A-56205F8D5418}.Debug|Any CPU.Build.0 = Debug|Any CPU
		{C25F667D-4B56-4254-988A-56205F8D5418}.Release|Any CPU.ActiveCfg = Release|Any CPU
		{C25F667D-4B56-4254-988A-56205F8D5418}.Release|Any CPU.Build.0 = Release|Any CPU
		{95101654-A4B3-40AF-9C87-F5654DA4DB14}.Debug|Any CPU.ActiveCfg = Debug|Any CPU
		{95101654-A4B3-40AF-9C87-F5654DA4DB14}.Debug|Any CPU.Build.0 = Debug|Any CPU
		{95101654-A4B3-40AF-9C87-F5654DA4DB14}.Release|Any CPU.ActiveCfg = Release|Any CPU
		{95101654-A4B3-40AF-9C87-F5654DA4DB14}.Release|Any CPU.Build.0 = Release|Any CPU
		{4D8E771A-277A-4790-8EC6-C2E2B8AE9DE2}.Debug|Any CPU.ActiveCfg = Debug|Any CPU
		{4D8E771A-277A-4790-8EC6-C2E2B8AE9DE2}.Debug|Any CPU.Build.0 = Debug|Any CPU
		{4D8E771A-277A-4790-8EC6-C2E2B8AE9DE2}.Release|Any CPU.ActiveCfg = Release|Any CPU
		{4D8E771A-277A-4790-8EC6-C2E2B8AE9DE2}.Release|Any CPU.Build.0 = Release|Any CPU
	EndGlobalSection
	GlobalSection(SolutionProperties) = preSolution
		HideSolutionNode = FALSE
	EndGlobalSection
	GlobalSection(ExtensibilityGlobals) = postSolution
		SolutionGuid = {EEDCE3F2-84DB-438A-8ED3-952D9CCC623A}
	EndGlobalSection
EndGlobal
